
Microsoft Visual Studio Solution File, Format Version 12.00
# Visual Studio Version 16
VisualStudioVersion = 16.0.30523.141
MinimumVisualStudioVersion = 10.0.40219.1
Project("{FAE04EC0-301F-11D3-BF4B-00C04F79EFBC}") = "Delet", "Delet\Delet.csproj", "{A3AD70E9-3274-453A-AA13-E77E067B348A}"
EndProject
Global
	GlobalSection(SolutionConfigurationPlatforms) = preSolution
		Debug|Any CPU = Debug|Any CPU
		Release|Any CPU = Release|Any CPU
	EndGlobalSection
	GlobalSection(ProjectConfigurationPlatforms) = postSolution
		{A3AD70E9-3274-453A-AA13-E77E067B348A}.Debug|Any CPU.ActiveCfg = Debug|Any CPU
		{A3AD70E9-3274-453A-AA13-E77E067B348A}.Debug|Any CPU.Build.0 = Debug|Any CPU
		{A3AD70E9-3274-453A-AA13-E77E067B348A}.Release|Any CPU.ActiveCfg = Release|Any CPU
		{A3AD70E9-3274-453A-AA13-E77E067B348A}.Release|Any CPU.Build.0 = Release|Any CPU
	EndGlobalSection
	GlobalSection(SolutionProperties) = preSolution
		HideSolutionNode = FALSE
	EndGlobalSection
	GlobalSection(ExtensibilityGlobals) = postSolution
		SolutionGuid = {5EB40EF4-ABE9-4A6C-9F39-6AA3308EBE89}
	EndGlobalSection
EndGlobal
